
Microsoft Visual Studio Solution File, Format Version 12.00
# Visual Studio Version 17
VisualStudioVersion = 17.14.36301.6 d17.14
MinimumVisualStudioVersion = 10.0.40219.1
Project("{2150E333-8FDC-42A3-9474-1A3956D46DE8}") = "Services", "Services", "{02EA681E-C7D8-13C7-8484-4AC65E1B71E8}"
EndProject
Project("{2150E333-8FDC-42A3-9474-1A3956D46DE8}") = "CatalogService", "CatalogService", "{93E66BDD-DCD9-4B33-B745-1E60D77A788E}"
EndProject
Project("{2150E333-8FDC-42A3-9474-1A3956D46DE8}") = "OrderService", "OrderService", "{31B3CEDA-85F6-44E0-A609-2B480BCCDDCC}"
EndProject
Project("{2150E333-8FDC-42A3-9474-1A3956D46DE8}") = "BuildingBlocks", "BuildingBlocks", "{14D22C39-E63E-46EE-AF4F-375342577B22}"
EndProject
Project("{2150E333-8FDC-42A3-9474-1A3956D46DE8}") = "EventBus", "EventBus", "{2581DC17-753E-4A27-BE7E-FE0EB2967060}"
EndProject
Project("{2150E333-8FDC-42A3-9474-1A3956D46DE8}") = "Common", "Common", "{B82845D5-BDFB-440E-A0B5-B1E29DC5CD97}"
EndProject
Project("{2150E333-8FDC-42A3-9474-1A3956D46DE8}") = "Tests", "Tests", "{9ACBF23D-80D6-4AA4-A5FA-C805E7E7A3F9}"
EndProject
Project("{2150E333-8FDC-42A3-9474-1A3956D46DE8}") = "Docs", "Docs", "{04B6473B-3CE0-445A-A437-6DE4115F0E79}"
EndProject
Project("{2150E333-8FDC-42A3-9474-1A3956D46DE8}") = "CatalogService.Tests", "CatalogService.Tests", "{C724147C-60B8-417F-B9D5-A146594C5401}"
EndProject
Global
	GlobalSection(SolutionProperties) = preSolution
		HideSolutionNode = FALSE
	EndGlobalSection
	GlobalSection(NestedProjects) = preSolution
		{93E66BDD-DCD9-4B33-B745-1E60D77A788E} = {02EA681E-C7D8-13C7-8484-4AC65E1B71E8}
		{31B3CEDA-85F6-44E0-A609-2B480BCCDDCC} = {02EA681E-C7D8-13C7-8484-4AC65E1B71E8}
		{2581DC17-753E-4A27-BE7E-FE0EB2967060} = {14D22C39-E63E-46EE-AF4F-375342577B22}
		{B82845D5-BDFB-440E-A0B5-B1E29DC5CD97} = {14D22C39-E63E-46EE-AF4F-375342577B22}
		{C724147C-60B8-417F-B9D5-A146594C5401} = {9ACBF23D-80D6-4AA4-A5FA-C805E7E7A3F9}
	EndGlobalSection
	GlobalSection(ExtensibilityGlobals) = postSolution
		SolutionGuid = {0758D572-7456-4260-82E2-9BBC1278F24A}
	EndGlobalSection
EndGlobal
